<Solution>
  <Folder Name="/Core/" />
  <Folder Name="/Core/Application/">
    <Project Path="Core/Application/Inss.ProjectStructureExample.Application/Inss.ProjectStructureExample.Application.csproj" Id="e6940324-1ea5-41a8-9c99-0a09155e246d" />
  </Folder>
  <Folder Name="/Core/Application/Contracts/">
    <Project Path="Core/Application/Contracts/Inss.ProjectStructureExample.Application.Contracts/Inss.ProjectStructureExample.Application.Contracts.csproj" Id="f83a6a49-225b-4ecd-93ae-6ba80606bec6" />
  </Folder>
  <Folder Name="/Core/Domain/">
    <Project Path="Core/Domain/Inss.ProjectStructureExample.Domain/Inss.ProjectStructureExample.Domain.csproj" Id="88f7b34e-4e3b-413a-83c3-9d1153e33ce2" />
  </Folder>
  <Folder Name="/Core/Domain/Common/">
    <Project Path="Core/Domain/Common/Inss.ProjectStructureExample.Domain.Common/Inss.ProjectStructureExample.Domain.Common.csproj" Id="96473224-1efd-47e9-a772-b12b9fe530e3" />
  </Folder>
  <Folder Name="/Infra/" />
  <Folder Name="/Infra/Database/">
    <Project Path="Infra/Database/Inss.ProjectStructureExample.Infra.Database/Inss.ProjectStructureExample.Infra.Database.csproj" Id="1c48b774-c4ab-4a71-98f4-6b534ae248f0" />
  </Folder>
  <Folder Name="/Web/" />
  <Folder Name="/Web/Api/">
    <Project Path="Web/Api/Inss.ProjectStructureExample.Web.Api.WebApi/Inss.ProjectStructureExample.Web.Api.WebApi.csproj" />
  </Folder>
  <Folder Name="/Web/Ui/">
    <Project Path="Web/Ui/Inss.ProjectStructureExample.Web.Ui.WebUi/Inss.ProjectStructureExample.Web.Ui.WebUi.csproj" Id="a849e94a-6559-4606-aacf-3ff95b83aacf" />
  </Folder>
</Solution>
